
Microsoft Visual Studio Solution File, Format Version 12.00
# Visual Studio Version 17
VisualStudioVersion = 17.6.33712.159
MinimumVisualStudioVersion = 10.0.40219.1
Project("{FAE04EC0-301F-11D3-BF4B-00C04F79EFBC}") = "Terre13.cs", "Terre13.cs.csproj", "{5DEF5F59-E1A5-4ACB-8F13-39A5B2BE742D}"
EndProject
Global
	GlobalSection(SolutionConfigurationPlatforms) = preSolution
		Debug|Any CPU = Debug|Any CPU
		Release|Any CPU = Release|Any CPU
	EndGlobalSection
	GlobalSection(ProjectConfigurationPlatforms) = postSolution
		{5DEF5F59-E1A5-4ACB-8F13-39A5B2BE742D}.Debug|Any CPU.ActiveCfg = Debug|Any CPU
		{5DEF5F59-E1A5-4ACB-8F13-39A5B2BE742D}.Debug|Any CPU.Build.0 = Debug|Any CPU
		{5DEF5F59-E1A5-4ACB-8F13-39A5B2BE742D}.Release|Any CPU.ActiveCfg = Release|Any CPU
		{5DEF5F59-E1A5-4ACB-8F13-39A5B2BE742D}.Release|Any CPU.Build.0 = Release|Any CPU
	EndGlobalSection
	GlobalSection(SolutionProperties) = preSolution
		HideSolutionNode = FALSE
	EndGlobalSection
	GlobalSection(ExtensibilityGlobals) = postSolution
		SolutionGuid = {5B420AD3-4149-44C3-B8B5-96CEC3E454FB}
	EndGlobalSection
EndGlobal
