
Microsoft Visual Studio Solution File, Format Version 12.00
# Visual Studio Version 17
VisualStudioVersion = 17.6.33712.159
MinimumVisualStudioVersion = 10.0.40219.1
Project("{FAE04EC0-301F-11D3-BF4B-00C04F79EFBC}") = "Terre03.cs", "Terre03.cs.csproj", "{488B43BD-45B2-4623-A436-A49C61AF48A8}"
EndProject
Global
	GlobalSection(SolutionConfigurationPlatforms) = preSolution
		Debug|Any CPU = Debug|Any CPU
		Release|Any CPU = Release|Any CPU
	EndGlobalSection
	GlobalSection(ProjectConfigurationPlatforms) = postSolution
		{488B43BD-45B2-4623-A436-A49C61AF48A8}.Debug|Any CPU.ActiveCfg = Debug|Any CPU
		{488B43BD-45B2-4623-A436-A49C61AF48A8}.Debug|Any CPU.Build.0 = Debug|Any CPU
		{488B43BD-45B2-4623-A436-A49C61AF48A8}.Release|Any CPU.ActiveCfg = Release|Any CPU
		{488B43BD-45B2-4623-A436-A49C61AF48A8}.Release|Any CPU.Build.0 = Release|Any CPU
	EndGlobalSection
	GlobalSection(SolutionProperties) = preSolution
		HideSolutionNode = FALSE
	EndGlobalSection
	GlobalSection(ExtensibilityGlobals) = postSolution
		SolutionGuid = {0C7FD92E-5FBC-4732-BF3E-022F069CEF68}
	EndGlobalSection
EndGlobal
