
Microsoft Visual Studio Solution File, Format Version 12.00
# Visual Studio Version 17
VisualStudioVersion = 17.6.33712.159
MinimumVisualStudioVersion = 10.0.40219.1
Project("{FAE04EC0-301F-11D3-BF4B-00C04F79EFBC}") = "Terre05bis.cs", "Terre05bis.cs.csproj", "{D3A4F6C8-9451-4843-BE18-4165D7C57B5C}"
EndProject
Global
	GlobalSection(SolutionConfigurationPlatforms) = preSolution
		Debug|Any CPU = Debug|Any CPU
		Release|Any CPU = Release|Any CPU
	EndGlobalSection
	GlobalSection(ProjectConfigurationPlatforms) = postSolution
		{D3A4F6C8-9451-4843-BE18-4165D7C57B5C}.Debug|Any CPU.ActiveCfg = Debug|Any CPU
		{D3A4F6C8-9451-4843-BE18-4165D7C57B5C}.Debug|Any CPU.Build.0 = Debug|Any CPU
		{D3A4F6C8-9451-4843-BE18-4165D7C57B5C}.Release|Any CPU.ActiveCfg = Release|Any CPU
		{D3A4F6C8-9451-4843-BE18-4165D7C57B5C}.Release|Any CPU.Build.0 = Release|Any CPU
	EndGlobalSection
	GlobalSection(SolutionProperties) = preSolution
		HideSolutionNode = FALSE
	EndGlobalSection
	GlobalSection(ExtensibilityGlobals) = postSolution
		SolutionGuid = {87DDF20A-B725-48D6-AF33-5A1FCA77C61F}
	EndGlobalSection
EndGlobal
